
Microsoft Visual Studio Solution File, Format Version 12.00
# Visual Studio Version 17
VisualStudioVersion = 17.7.34031.279
MinimumVisualStudioVersion = 10.0.40219.1
Project("{9A19103F-16F7-4668-BE54-9A1E7A4F7556}") = "FastFoodManagement.Web", "FastFoodManagement.Web\FastFoodManagement.Web.csproj", "{351E6D94-2C33-4249-A972-E7AD1ADF7167}"
EndProject
Project("{9A19103F-16F7-4668-BE54-9A1E7A4F7556}") = "FastFoodManagement.Common", "FastFoodManagement.Common\FastFoodManagement.Common.csproj", "{4EEB8C01-7EFA-4029-9DB3-E7FB2354AC40}"
EndProject
Project("{9A19103F-16F7-4668-BE54-9A1E7A4F7556}") = "FastFoodManagement.Model", "FastFoodManagement.Model\FastFoodManagement.Model.csproj", "{708F90E4-0816-42BD-8803-2784C1D3DF9F}"
EndProject
Project("{9A19103F-16F7-4668-BE54-9A1E7A4F7556}") = "FastFoodManagement.Data", "FastFoodManagement.Data\FastFoodManagement.Data.csproj", "{67877CE9-AF7C-41EB-8C7C-C96E97B56ED1}"
EndProject
Project("{9A19103F-16F7-4668-BE54-9A1E7A4F7556}") = "FastFoodManagement.Service", "FastFoodManagement.Service\FastFoodManagement.Service.csproj", "{52C29F06-3201-4A3E-9D64-D267B0974162}"
EndProject
Project("{9A19103F-16F7-4668-BE54-9A1E7A4F7556}") = "FastFoodManagement.UnitTest", "FastFoodManagement.UnitTest\FastFoodManagement.UnitTest.csproj", "{36C6B096-79FC-49B0-B06F-4438293DCC85}"
EndProject
Project("{E53339B2-1760-4266-BCC7-CA923CBCF16C}") = "docker-compose", "docker-compose.dcproj", "{48E3D051-EB90-42A3-9A51-72C5D4558616}"
EndProject
Project("{2150E333-8FDC-42A3-9474-1A3956D46DE8}") = "Solution Items", "Solution Items", "{9BE7DAF7-A470-4FBA-A8AC-C303B83C6FBC}"
	ProjectSection(SolutionItems) = preProject
		Dockerfile = Dockerfile
	EndProjectSection
EndProject
Global
	GlobalSection(SolutionConfigurationPlatforms) = preSolution
		Debug|Any CPU = Debug|Any CPU
		Release|Any CPU = Release|Any CPU
	EndGlobalSection
	GlobalSection(ProjectConfigurationPlatforms) = postSolution
		{351E6D94-2C33-4249-A972-E7AD1ADF7167}.Debug|Any CPU.ActiveCfg = Debug|Any CPU
		{351E6D94-2C33-4249-A972-E7AD1ADF7167}.Debug|Any CPU.Build.0 = Debug|Any CPU
		{351E6D94-2C33-4249-A972-E7AD1ADF7167}.Release|Any CPU.ActiveCfg = Release|Any CPU
		{351E6D94-2C33-4249-A972-E7AD1ADF7167}.Release|Any CPU.Build.0 = Release|Any CPU
		{4EEB8C01-7EFA-4029-9DB3-E7FB2354AC40}.Debug|Any CPU.ActiveCfg = Debug|Any CPU
		{4EEB8C01-7EFA-4029-9DB3-E7FB2354AC40}.Debug|Any CPU.Build.0 = Debug|Any CPU
		{4EEB8C01-7EFA-4029-9DB3-E7FB2354AC40}.Release|Any CPU.ActiveCfg = Release|Any CPU
		{4EEB8C01-7EFA-4029-9DB3-E7FB2354AC40}.Release|Any CPU.Build.0 = Release|Any CPU
		{708F90E4-0816-42BD-8803-2784C1D3DF9F}.Debug|Any CPU.ActiveCfg = Debug|Any CPU
		{708F90E4-0816-42BD-8803-2784C1D3DF9F}.Debug|Any CPU.Build.0 = Debug|Any CPU
		{708F90E4-0816-42BD-8803-2784C1D3DF9F}.Release|Any CPU.ActiveCfg = Release|Any CPU
		{708F90E4-0816-42BD-8803-2784C1D3DF9F}.Release|Any CPU.Build.0 = Release|Any CPU
		{67877CE9-AF7C-41EB-8C7C-C96E97B56ED1}.Debug|Any CPU.ActiveCfg = Debug|Any CPU
		{67877CE9-AF7C-41EB-8C7C-C96E97B56ED1}.Debug|Any CPU.Build.0 = Debug|Any CPU
		{67877CE9-AF7C-41EB-8C7C-C96E97B56ED1}.Release|Any CPU.ActiveCfg = Release|Any CPU
		{67877CE9-AF7C-41EB-8C7C-C96E97B56ED1}.Release|Any CPU.Build.0 = Release|Any CPU
		{52C29F06-3201-4A3E-9D64-D267B0974162}.Debug|Any CPU.ActiveCfg = Debug|Any CPU
		{52C29F06-3201-4A3E-9D64-D267B0974162}.Debug|Any CPU.Build.0 = Debug|Any CPU
		{52C29F06-3201-4A3E-9D64-D267B0974162}.Release|Any CPU.ActiveCfg = Release|Any CPU
		{52C29F06-3201-4A3E-9D64-D267B0974162}.Release|Any CPU.Build.0 = Release|Any CPU
		{36C6B096-79FC-49B0-B06F-4438293DCC85}.Debug|Any CPU.ActiveCfg = Debug|Any CPU
		{36C6B096-79FC-49B0-B06F-4438293DCC85}.Debug|Any CPU.Build.0 = Debug|Any CPU
		{36C6B096-79FC-49B0-B06F-4438293DCC85}.Release|Any CPU.ActiveCfg = Release|Any CPU
		{36C6B096-79FC-49B0-B06F-4438293DCC85}.Release|Any CPU.Build.0 = Release|Any CPU
		{48E3D051-EB90-42A3-9A51-72C5D4558616}.Debug|Any CPU.ActiveCfg = Debug|Any CPU
		{48E3D051-EB90-42A3-9A51-72C5D4558616}.Debug|Any CPU.Build.0 = Debug|Any CPU
		{48E3D051-EB90-42A3-9A51-72C5D4558616}.Release|Any CPU.ActiveCfg = Release|Any CPU
		{48E3D051-EB90-42A3-9A51-72C5D4558616}.Release|Any CPU.Build.0 = Release|Any CPU
	EndGlobalSection
	GlobalSection(SolutionProperties) = preSolution
		HideSolutionNode = FALSE
	EndGlobalSection
	GlobalSection(ExtensibilityGlobals) = postSolution
		SolutionGuid = {1C634531-1E4B-49AF-9C05-1F71E15F68AE}
	EndGlobalSection
EndGlobal
